
Microsoft Visual Studio Solution File, Format Version 12.00
# Visual Studio Version 16
VisualStudioVersion = 16.0.32929.386
MinimumVisualStudioVersion = 10.0.40219.1
Project("{8BC9CEB8-8B4A-11D0-8D11-00A0C91BC942}") = "mir4cheat", "mir4cheat\mir4cheat.vcxproj", "{3C9A998C-AE02-4FBB-8FD3-582E9C57C64A}"
EndProject
Global
	GlobalSection(SolutionConfigurationPlatforms) = preSolution
		Debug|x64 = Debug|x64
		Debug|x86 = Debug|x86
		Release|x64 = Release|x64
		Release|x86 = Release|x86
	EndGlobalSection
	GlobalSection(ProjectConfigurationPlatforms) = postSolution
		{3C9A998C-AE02-4FBB-8FD3-582E9C57C64A}.Debug|x64.ActiveCfg = Debug|x64
		{3C9A998C-AE02-4FBB-8FD3-582E9C57C64A}.Debug|x64.Build.0 = Debug|x64
		{3C9A998C-AE02-4FBB-8FD3-582E9C57C64A}.Debug|x86.ActiveCfg = Debug|Win32
		{3C9A998C-AE02-4FBB-8FD3-582E9C57C64A}.Debug|x86.Build.0 = Debug|Win32
		{3C9A998C-AE02-4FBB-8FD3-582E9C57C64A}.Release|x64.ActiveCfg = Release|x64
		{3C9A998C-AE02-4FBB-8FD3-582E9C57C64A}.Release|x64.Build.0 = Release|x64
		{3C9A998C-AE02-4FBB-8FD3-582E9C57C64A}.Release|x86.ActiveCfg = Release|Win32
		{3C9A998C-AE02-4FBB-8FD3-582E9C57C64A}.Release|x86.Build.0 = Release|Win32
	EndGlobalSection
	GlobalSection(SolutionProperties) = preSolution
		HideSolutionNode = FALSE
	EndGlobalSection
	GlobalSection(ExtensibilityGlobals) = postSolution
		SolutionGuid = {24306A9F-8BF1-409F-9222-18EFFB044F26}
	EndGlobalSection
EndGlobal
